
Microsoft Visual Studio Solution File, Format Version 12.00
# Visual Studio Version 16
VisualStudioVersion = 16.0.31702.278
MinimumVisualStudioVersion = 10.0.40219.1
Project("{2150E333-8FDC-42A3-9474-1A3956D46DE8}") = "src", "src", "{F0A21651-2541-4DB3-A511-2A31F002574D}"
EndProject
Project("{2150E333-8FDC-42A3-9474-1A3956D46DE8}") = "Core", "Core", "{1584507B-5E5D-4843-B9F5-DB020CCFFE07}"
EndProject
Project("{2150E333-8FDC-42A3-9474-1A3956D46DE8}") = "Infraestructure", "Infraestructure", "{DC8DAF4A-D22D-40E5-B518-AC3174C5C890}"
EndProject
Project("{2150E333-8FDC-42A3-9474-1A3956D46DE8}") = "tests", "tests", "{E902933D-F2BF-4DD6-B60B-126A3AA84A0A}"
EndProject
Project("{9A19103F-16F7-4668-BE54-9A1E7A4F7556}") = "SoftPlan.Test.Domain", "SoftPllan.Test.Domain\SoftPlan.Test.Domain.csproj", "{591C83FC-098E-467A-BD0B-AD1B0A9F48AE}"
EndProject
Project("{9A19103F-16F7-4668-BE54-9A1E7A4F7556}") = "SoftPlan.Test.Data", "SoftPlan.Test.Data\SoftPlan.Test.Data.csproj", "{618D3697-C1A4-4F9F-A097-F944A3E79C10}"
EndProject
Project("{9A19103F-16F7-4668-BE54-9A1E7A4F7556}") = "SoftPlan.Test.Application", "SoftPlan.Test.Application\SoftPlan.Test.Application.csproj", "{E2655245-6B19-4C8F-99C8-7035850A33E5}"
EndProject
Project("{2150E333-8FDC-42A3-9474-1A3956D46DE8}") = "Services", "Services", "{9852B67E-D14B-4610-A65D-E47C69660702}"
EndProject
Project("{9A19103F-16F7-4668-BE54-9A1E7A4F7556}") = "SoftPlan.Test.API1", "SoftPlan.Test.API1\SoftPlan.Test.API1.csproj", "{449CDA1D-AAE9-4FC1-AD87-1F51A5C9F50C}"
EndProject
Project("{FAE04EC0-301F-11D3-BF4B-00C04F79EFBC}") = "SoftPlan.Test.API2", "SoftPlan.Test.API2\SoftPlan.Test.API2.csproj", "{7CD5B712-16E0-471C-81C3-238F16E6A93B}"
EndProject
Project("{FAE04EC0-301F-11D3-BF4B-00C04F79EFBC}") = "SoftPlan.Test.CrossCutting", "SoftPlan.Test.CrossCutting\SoftPlan.Test.CrossCutting.csproj", "{C731E540-9A5A-441C-942B-11EC3E80B8A3}"
EndProject
Project("{2150E333-8FDC-42A3-9474-1A3956D46DE8}") = "Core", "Core", "{82EE69CD-D85B-4902-8DC7-A3B40F6D05D9}"
EndProject
Project("{2150E333-8FDC-42A3-9474-1A3956D46DE8}") = "Infraestructure", "Infraestructure", "{8870FF39-B72E-436A-B40B-C160CB519BB7}"
EndProject
Project("{2150E333-8FDC-42A3-9474-1A3956D46DE8}") = "Services", "Services", "{956C8AED-7B9C-4067-8112-F76830EC4FB2}"
EndProject
Project("{2150E333-8FDC-42A3-9474-1A3956D46DE8}") = "API1", "API1", "{84191A8C-C4FB-4CF9-8E19-C311A926C2CD}"
EndProject
Project("{2150E333-8FDC-42A3-9474-1A3956D46DE8}") = "API2", "API2", "{4134DC44-0D8D-4C3D-B09C-91ECF7D8FD89}"
EndProject
Project("{FAE04EC0-301F-11D3-BF4B-00C04F79EFBC}") = "SoftPlan.Test.API.Test", "SoftPlan.Test.API.Test\SoftPlan.Test.API.Test.csproj", "{A3D8BA9D-BDCA-4567-B90D-F4B40615E1E9}"
EndProject
Project("{FAE04EC0-301F-11D3-BF4B-00C04F79EFBC}") = "SoftPlan.Test.API2.Test", "SoftPlan.Test.API2.Test\SoftPlan.Test.API2.Test.csproj", "{CE5C4F41-A01C-41B6-838B-8F0A57CCA7EE}"
EndProject
Global
	GlobalSection(SolutionConfigurationPlatforms) = preSolution
		Debug|Any CPU = Debug|Any CPU
		Release|Any CPU = Release|Any CPU
	EndGlobalSection
	GlobalSection(ProjectConfigurationPlatforms) = postSolution
		{591C83FC-098E-467A-BD0B-AD1B0A9F48AE}.Debug|Any CPU.ActiveCfg = Debug|Any CPU
		{591C83FC-098E-467A-BD0B-AD1B0A9F48AE}.Debug|Any CPU.Build.0 = Debug|Any CPU
		{591C83FC-098E-467A-BD0B-AD1B0A9F48AE}.Release|Any CPU.ActiveCfg = Release|Any CPU
		{591C83FC-098E-467A-BD0B-AD1B0A9F48AE}.Release|Any CPU.Build.0 = Release|Any CPU
		{618D3697-C1A4-4F9F-A097-F944A3E79C10}.Debug|Any CPU.ActiveCfg = Debug|Any CPU
		{618D3697-C1A4-4F9F-A097-F944A3E79C10}.Debug|Any CPU.Build.0 = Debug|Any CPU
		{618D3697-C1A4-4F9F-A097-F944A3E79C10}.Release|Any CPU.ActiveCfg = Release|Any CPU
		{618D3697-C1A4-4F9F-A097-F944A3E79C10}.Release|Any CPU.Build.0 = Release|Any CPU
		{E2655245-6B19-4C8F-99C8-7035850A33E5}.Debug|Any CPU.ActiveCfg = Debug|Any CPU
		{E2655245-6B19-4C8F-99C8-7035850A33E5}.Debug|Any CPU.Build.0 = Debug|Any CPU
		{E2655245-6B19-4C8F-99C8-7035850A33E5}.Release|Any CPU.ActiveCfg = Release|Any CPU
		{E2655245-6B19-4C8F-99C8-7035850A33E5}.Release|Any CPU.Build.0 = Release|Any CPU
		{449CDA1D-AAE9-4FC1-AD87-1F51A5C9F50C}.Debug|Any CPU.ActiveCfg = Debug|Any CPU
		{449CDA1D-AAE9-4FC1-AD87-1F51A5C9F50C}.Debug|Any CPU.Build.0 = Debug|Any CPU
		{449CDA1D-AAE9-4FC1-AD87-1F51A5C9F50C}.Release|Any CPU.ActiveCfg = Release|Any CPU
		{449CDA1D-AAE9-4FC1-AD87-1F51A5C9F50C}.Release|Any CPU.Build.0 = Release|Any CPU
		{7CD5B712-16E0-471C-81C3-238F16E6A93B}.Debug|Any CPU.ActiveCfg = Debug|Any CPU
		{7CD5B712-16E0-471C-81C3-238F16E6A93B}.Debug|Any CPU.Build.0 = Debug|Any CPU
		{7CD5B712-16E0-471C-81C3-238F16E6A93B}.Release|Any CPU.ActiveCfg = Release|Any CPU
		{7CD5B712-16E0-471C-81C3-238F16E6A93B}.Release|Any CPU.Build.0 = Release|Any CPU
		{C731E540-9A5A-441C-942B-11EC3E80B8A3}.Debug|Any CPU.ActiveCfg = Debug|Any CPU
		{C731E540-9A5A-441C-942B-11EC3E80B8A3}.Debug|Any CPU.Build.0 = Debug|Any CPU
		{C731E540-9A5A-441C-942B-11EC3E80B8A3}.Release|Any CPU.ActiveCfg = Release|Any CPU
		{C731E540-9A5A-441C-942B-11EC3E80B8A3}.Release|Any CPU.Build.0 = Release|Any CPU
		{A3D8BA9D-BDCA-4567-B90D-F4B40615E1E9}.Debug|Any CPU.ActiveCfg = Debug|Any CPU
		{A3D8BA9D-BDCA-4567-B90D-F4B40615E1E9}.Debug|Any CPU.Build.0 = Debug|Any CPU
		{A3D8BA9D-BDCA-4567-B90D-F4B40615E1E9}.Release|Any CPU.ActiveCfg = Release|Any CPU
		{A3D8BA9D-BDCA-4567-B90D-F4B40615E1E9}.Release|Any CPU.Build.0 = Release|Any CPU
		{CE5C4F41-A01C-41B6-838B-8F0A57CCA7EE}.Debug|Any CPU.ActiveCfg = Debug|Any CPU
		{CE5C4F41-A01C-41B6-838B-8F0A57CCA7EE}.Debug|Any CPU.Build.0 = Debug|Any CPU
		{CE5C4F41-A01C-41B6-838B-8F0A57CCA7EE}.Release|Any CPU.ActiveCfg = Release|Any CPU
		{CE5C4F41-A01C-41B6-838B-8F0A57CCA7EE}.Release|Any CPU.Build.0 = Release|Any CPU
	EndGlobalSection
	GlobalSection(SolutionProperties) = preSolution
		HideSolutionNode = FALSE
	EndGlobalSection
	GlobalSection(NestedProjects) = preSolution
		{1584507B-5E5D-4843-B9F5-DB020CCFFE07} = {F0A21651-2541-4DB3-A511-2A31F002574D}
		{DC8DAF4A-D22D-40E5-B518-AC3174C5C890} = {F0A21651-2541-4DB3-A511-2A31F002574D}
		{591C83FC-098E-467A-BD0B-AD1B0A9F48AE} = {1584507B-5E5D-4843-B9F5-DB020CCFFE07}
		{618D3697-C1A4-4F9F-A097-F944A3E79C10} = {DC8DAF4A-D22D-40E5-B518-AC3174C5C890}
		{E2655245-6B19-4C8F-99C8-7035850A33E5} = {1584507B-5E5D-4843-B9F5-DB020CCFFE07}
		{9852B67E-D14B-4610-A65D-E47C69660702} = {F0A21651-2541-4DB3-A511-2A31F002574D}
		{449CDA1D-AAE9-4FC1-AD87-1F51A5C9F50C} = {9852B67E-D14B-4610-A65D-E47C69660702}
		{7CD5B712-16E0-471C-81C3-238F16E6A93B} = {9852B67E-D14B-4610-A65D-E47C69660702}
		{C731E540-9A5A-441C-942B-11EC3E80B8A3} = {1584507B-5E5D-4843-B9F5-DB020CCFFE07}
		{82EE69CD-D85B-4902-8DC7-A3B40F6D05D9} = {E902933D-F2BF-4DD6-B60B-126A3AA84A0A}
		{8870FF39-B72E-436A-B40B-C160CB519BB7} = {E902933D-F2BF-4DD6-B60B-126A3AA84A0A}
		{956C8AED-7B9C-4067-8112-F76830EC4FB2} = {E902933D-F2BF-4DD6-B60B-126A3AA84A0A}
		{84191A8C-C4FB-4CF9-8E19-C311A926C2CD} = {956C8AED-7B9C-4067-8112-F76830EC4FB2}
		{4134DC44-0D8D-4C3D-B09C-91ECF7D8FD89} = {956C8AED-7B9C-4067-8112-F76830EC4FB2}
		{A3D8BA9D-BDCA-4567-B90D-F4B40615E1E9} = {84191A8C-C4FB-4CF9-8E19-C311A926C2CD}
		{CE5C4F41-A01C-41B6-838B-8F0A57CCA7EE} = {4134DC44-0D8D-4C3D-B09C-91ECF7D8FD89}
	EndGlobalSection
	GlobalSection(ExtensibilityGlobals) = postSolution
		SolutionGuid = {89489DC4-7021-465D-A745-53F14BC08C67}
	EndGlobalSection
EndGlobal
